#MicroXplorer Configuration settings - do not modify
Mcu.Family=STM32F0
ProjectManager.MainLocation=Core/Src
PC7.GPIOParameters=GPIO_Label
ProjectManager.ProjectFileName=STM32F072RB-DISCO-Test_UART_XMIT.ioc
ProjectManager.KeepUserCode=true
Mcu.UserName=STM32F072RBTx
Mcu.PinsNb=9
PC9.GPIO_Label=LED_GREEN
ProjectManager.NoMain=false
RCC.PLLCLKFreq_Value=16000000
PC7.Locked=true
ProjectManager.functionlistsort=1-MX_GPIO_Init-GPIO-false-HAL-true,2-SystemClock_Config-RCC-false-HAL-false,3-MX_USART3_UART_Init-USART3-false-HAL-true
PC8.Signal=GPIO_Output
PC4.Signal=USART3_TX
PC6.Signal=GPIO_Output
PC6.GPIO_Label=LED_RED
PC9.Locked=true
ProjectManager.DefaultFWLocation=true
NVIC.SVC_IRQn=true\:0\:0\:false\:false\:true\:false\:false
ProjectManager.DeletePrevious=true
PC5.Mode=Asynchronous
PC14-OSC32_IN.Signal=RCC_OSC32_IN
PinOutPanel.RotationAngle=0
RCC.FamilyName=M
ProjectManager.StackSize=0x400
USART3.VirtualMode-Asynchronous=VM_ASYNC
PC8.GPIO_Label=LED_ORANGE
Mcu.IP2=SYS
Mcu.IP3=USART3
Mcu.IP0=NVIC
Mcu.IP1=RCC
USART3.BaudRate=2400
Mcu.UserConstants=
ProjectManager.TargetToolchain=STM32CubeIDE
Mcu.ThirdPartyNb=0
Mcu.IPNb=4
ProjectManager.PreviousToolchain=
PC6.Locked=true
PC7.Signal=GPIO_Output
Mcu.Pin6=PC8
Mcu.Pin7=PC9
ProjectManager.RegisterCallBack=
Mcu.Pin8=VP_SYS_VS_Systick
Mcu.Pin0=PC14-OSC32_IN
Mcu.Pin1=PF0-OSC_IN
PF0-OSC_IN.Mode=HSE-External-Clock-Source
GPIO.groupedBy=Group By Peripherals
Mcu.Pin2=PC4
Mcu.Pin3=PC5
Mcu.Pin4=PC6
PC6.PinState=GPIO_PIN_SET
Mcu.Pin5=PC7
ProjectManager.ProjectBuild=false
board=custom
NVIC.SysTick_IRQn=true\:0\:0\:false\:false\:true\:false\:true
ProjectManager.LastFirmware=true
RCC.VCOOutput2Freq_Value=8000000
ProjectManager.FirmwarePackage=STM32Cube FW_F0 V1.11.2
MxDb.Version=DB.6.0.21
ProjectManager.BackupPrevious=false
MxCube.Version=6.2.1
PC14-OSC32_IN.Mode=LSE-External-Clock-Source
File.Version=6
VP_SYS_VS_Systick.Mode=SysTick
NVIC.NonMaskableInt_IRQn=true\:0\:0\:false\:false\:true\:false\:false
NVIC.PendSV_IRQn=true\:0\:0\:false\:false\:true\:false\:false
ProjectManager.FreePins=false
RCC.IPParameters=CECFreq_Value,FamilyName,HSICECFreq_Value,PLLCLKFreq_Value,PLLMCOFreq_Value,TimSysFreq_Value,VCOOutput2Freq_Value
PC9.GPIOParameters=GPIO_Label
ProjectManager.AskForMigrate=true
Mcu.Name=STM32F072R(8-B)Tx
ProjectManager.HalAssertFull=false
ProjectManager.ProjectName=STM32F072RB-DISCO-Test_UART_XMIT
ProjectManager.UnderRoot=true
RCC.HSICECFreq_Value=32786.88524590164
PC7.GPIO_Label=LED_BLUE
RCC.PLLMCOFreq_Value=16000000
ProjectManager.CoupleFile=false
PC8.GPIOParameters=GPIO_Label
Mcu.Package=LQFP64
RCC.TimSysFreq_Value=8000000
NVIC.ForceEnableDMAVector=true
KeepUserPlacement=false
ProjectManager.CompilerOptimize=6
ProjectManager.ToolChainLocation=
VP_SYS_VS_Systick.Signal=SYS_VS_Systick
USART3.IPParameters=VirtualMode-Asynchronous,BaudRate
ProjectManager.HeapSize=0x200
NVIC.HardFault_IRQn=true\:0\:0\:false\:false\:true\:false\:false
PC6.GPIOParameters=PinState,GPIO_Label
ProjectManager.ComputerToolchain=false
RCC.CECFreq_Value=32786.88524590164
PC8.Locked=true
PC5.Signal=USART3_RX
PC9.Signal=GPIO_Output
PF0-OSC_IN.Signal=RCC_OSC_IN
ProjectManager.CustomerFirmwarePackage=
ProjectManager.DeviceId=STM32F072RBTx
ProjectManager.LibraryCopy=1
PC4.Mode=Asynchronous
isbadioc=false
